
Microsoft Visual Studio Solution File, Format Version 12.00
# Visual Studio Version 17
VisualStudioVersion = 17.14.36623.8
MinimumVisualStudioVersion = 10.0.40219.1
Project("{FAE04EC0-301F-11D3-BF4B-00C04F79EFBC}") = "Codespirals.Poker.Shared", "Codespirals.Poker.Common\Codespirals.Poker.Shared.csproj", "{4B7CFEAB-65EB-48FF-9672-3B3C82A8BF54}"
EndProject
Project("{FAE04EC0-301F-11D3-BF4B-00C04F79EFBC}") = "Codespirals.Poker.Console", "Codespirals.Poker.Console\Codespirals.Poker.Console.csproj", "{F453B557-7F5A-4B17-9638-D7DBD0E03B95}"
EndProject
Project("{FAE04EC0-301F-11D3-BF4B-00C04F79EFBC}") = "Codespirls.Poker.Web", "Codespirls.Poker.Web\Codespirls.Poker.Web.csproj", "{7DFBF71C-4C6D-4A8D-AFC5-568D75A32BCE}"
EndProject
Project("{FAE04EC0-301F-11D3-BF4B-00C04F79EFBC}") = "Codespirals.Poker.App", "Codespirals.Poker.App\Codespirals.Poker.App.csproj", "{7A5A085E-E073-424C-B219-9E2CC871CE95}"
EndProject
Global
	GlobalSection(SolutionConfigurationPlatforms) = preSolution
		Debug|Any CPU = Debug|Any CPU
		Release|Any CPU = Release|Any CPU
	EndGlobalSection
	GlobalSection(ProjectConfigurationPlatforms) = postSolution
		{4B7CFEAB-65EB-48FF-9672-3B3C82A8BF54}.Debug|Any CPU.ActiveCfg = Debug|Any CPU
		{4B7CFEAB-65EB-48FF-9672-3B3C82A8BF54}.Debug|Any CPU.Build.0 = Debug|Any CPU
		{4B7CFEAB-65EB-48FF-9672-3B3C82A8BF54}.Release|Any CPU.ActiveCfg = Release|Any CPU
		{4B7CFEAB-65EB-48FF-9672-3B3C82A8BF54}.Release|Any CPU.Build.0 = Release|Any CPU
		{F453B557-7F5A-4B17-9638-D7DBD0E03B95}.Debug|Any CPU.ActiveCfg = Debug|Any CPU
		{F453B557-7F5A-4B17-9638-D7DBD0E03B95}.Debug|Any CPU.Build.0 = Debug|Any CPU
		{F453B557-7F5A-4B17-9638-D7DBD0E03B95}.Release|Any CPU.ActiveCfg = Release|Any CPU
		{F453B557-7F5A-4B17-9638-D7DBD0E03B95}.Release|Any CPU.Build.0 = Release|Any CPU
		{7DFBF71C-4C6D-4A8D-AFC5-568D75A32BCE}.Debug|Any CPU.ActiveCfg = Debug|Any CPU
		{7DFBF71C-4C6D-4A8D-AFC5-568D75A32BCE}.Debug|Any CPU.Build.0 = Debug|Any CPU
		{7DFBF71C-4C6D-4A8D-AFC5-568D75A32BCE}.Release|Any CPU.ActiveCfg = Release|Any CPU
		{7DFBF71C-4C6D-4A8D-AFC5-568D75A32BCE}.Release|Any CPU.Build.0 = Release|Any CPU
		{7A5A085E-E073-424C-B219-9E2CC871CE95}.Debug|Any CPU.ActiveCfg = Debug|Any CPU
		{7A5A085E-E073-424C-B219-9E2CC871CE95}.Debug|Any CPU.Build.0 = Debug|Any CPU
		{7A5A085E-E073-424C-B219-9E2CC871CE95}.Release|Any CPU.ActiveCfg = Release|Any CPU
		{7A5A085E-E073-424C-B219-9E2CC871CE95}.Release|Any CPU.Build.0 = Release|Any CPU
	EndGlobalSection
	GlobalSection(SolutionProperties) = preSolution
		HideSolutionNode = FALSE
	EndGlobalSection
	GlobalSection(ExtensibilityGlobals) = postSolution
		SolutionGuid = {52626A9C-9534-4D7C-8D8F-F037D50DE6E8}
	EndGlobalSection
EndGlobal
